
Microsoft Visual Studio Solution File, Format Version 12.00
# Visual Studio Version 16
VisualStudioVersion = 16.0.29519.87
MinimumVisualStudioVersion = 10.0.40219.1
Project("{FAE04EC0-301F-11D3-BF4B-00C04F79EFBC}") = "bictly", "bictly\bictly.csproj", "{3912FAA0-4296-44CF-830F-005FE4274FA1}"
EndProject
Global
	GlobalSection(SolutionConfigurationPlatforms) = preSolution
		Debug|Any CPU = Debug|Any CPU
		Release|Any CPU = Release|Any CPU
	EndGlobalSection
	GlobalSection(ProjectConfigurationPlatforms) = postSolution
		{3912FAA0-4296-44CF-830F-005FE4274FA1}.Debug|Any CPU.ActiveCfg = Debug|Any CPU
		{3912FAA0-4296-44CF-830F-005FE4274FA1}.Debug|Any CPU.Build.0 = Debug|Any CPU
		{3912FAA0-4296-44CF-830F-005FE4274FA1}.Release|Any CPU.ActiveCfg = Release|Any CPU
		{3912FAA0-4296-44CF-830F-005FE4274FA1}.Release|Any CPU.Build.0 = Release|Any CPU
	EndGlobalSection
	GlobalSection(SolutionProperties) = preSolution
		HideSolutionNode = FALSE
	EndGlobalSection
	GlobalSection(ExtensibilityGlobals) = postSolution
		SolutionGuid = {4B10241C-CBCE-4F71-802E-27697EE0D0DF}
	EndGlobalSection
EndGlobal
